// !$*UTF8*$!
{
	archiveVersion = 1;
	classes = {
	};
	objectVersion = 46;
	objects = {

/* Begin PBXBuildFile section */
		2AE8AE1C1E2542E3008619FD /* main.m in Sources */ = {isa = PBXBuildFile; fileRef = 2AE8AE1B1E2542E3008619FD /* main.m */; };
		2AE8AE1F1E2542E3008619FD /* AppDelegate.m in Sources */ = {isa = PBXBuildFile; fileRef = 2AE8AE1E1E2542E3008619FD /* AppDelegate.m */; };
		2AE8AE221E2542E3008619FD /* ViewController.m in Sources */ = {isa = PBXBuildFile; fileRef = 2AE8AE211E2542E3008619FD /* ViewController.m */; };
		2AE8AE251E2542E3008619FD /* Main.storyboard in Resources */ = {isa = PBXBuildFile; fileRef = 2AE8AE231E2542E3008619FD /* Main.storyboard */; };
		2AE8AE281E2542E3008619FD /* test.xcdatamodeld in Sources */ = {isa = PBXBuildFile; fileRef = 2AE8AE261E2542E3008619FD /* test.xcdatamodeld */; };
		2AE8AE2A1E2542E3008619FD /* Assets.xcassets in Resources */ = {isa = PBXBuildFile; fileRef = 2AE8AE291E2542E3008619FD /* Assets.xcassets */; };
		2AE8AE2D1E2542E3008619FD /* LaunchScreen.storyboard in Resources */ = {isa = PBXBuildFile; fileRef = 2AE8AE2B1E2542E3008619FD /* LaunchScreen.storyboard */; };
/* End PBXBuildFile section */

/* Begin PBXFileReference section */
		2AE8AE171E2542E3008619FD /* test.app */ = {isa = PBXFileReference; explicitFileType = wrapper.application; includeInIndex = 0; path = test.app; sourceTree = BUILT_PRODUCTS_DIR; };
		2AE8AE1B1E2542E3008619FD /* main.m */ = {isa = PBXFileReference; lastKnownFileType = sourcecode.c.objc; path = main.m; sourceTree = "<group>"; };
		2AE8AE1D1E2542E3008619FD /* AppDelegate.h */ = {isa = PBXFileReference; lastKnownFileType = sourcecode.c.h; path = AppDelegate.h; sourceTree = "<group>"; };
		2AE8AE1E1E2542E3008619FD /* AppDelegate.m */ = {isa = PBXFileReference; lastKnownFileType = sourcecode.c.objc; path = AppDelegate.m; sourceTree = "<group>"; };
		2AE8AE201E2542E3008619FD /* ViewController.h */ = {isa = PBXFileReference; lastKnownFileType = sourcecode.c.h; path = ViewController.h; sourceTree = "<group>"; };
		2AE8AE211E2542E3008619FD /* ViewController.m */ = {isa = PBXFileReference; lastKnownFileType = sourcecode.c.objc; path = ViewController.m; sourceTree = "<group>"; };
		2AE8AE241E2542E3008619FD /* Base */ = {isa = PBXFileReference; lastKnownFileType = file.storyboard; name = Base; path = Base.lproj/Main.storyboard; sourceTree = "<group>"; };
		2AE8AE271E2542E3008619FD /* test.xcdatamodel */ = {isa = PBXFileReference; lastKnownFileType = wrapper.xcdatamodel; path = test.xcdatamodel; sourceTree = "<group>"; };
		2AE8AE291E2542E3008619FD /* Assets.xcassets */ = {isa = PBXFileReference; lastKnownFileType = folder.assetcatalog; path = Assets.xcassets; sourceTree = "<group>"; };
		2AE8AE2C1E2542E3008619FD /* Base */ = {isa = PBXFileReference; lastKnownFileType = file.storyboard; name = Base; path = Base.lproj/LaunchScreen.storyboard; sourceTree = "<group>"; };
		2AE8AE2E1E2542E3008619FD /* Info.plist */ = {isa = PBXFileReference; lastKnownFileType = text.plist.xml; path = Info.plist; sourceTree = "<group>"; };
/* End PBXFileReference section */

/* Begin PBXFrameworksBuildPhase section */
		2AE8AE141E2542E3008619FD /* Frameworks */ = {
			isa = PBXFrameworksBuildPhase;
			buildActionMask = 2147483647;
			files = (
			);
			runOnlyForDeploymentPostprocessing = 0;
		};
/* End PBXFrameworksBuildPhase section */

/* Begin PBXGroup section */
		2AE8AE0E1E2542E3008619FD = {
			isa = PBXGroup;
			children = (
				2AE8AE191E2542E3008619FD /* test */,
				2AE8AE181E2542E3008619FD /* Products */,
			);
			sourceTree = "<group>";
		};
		2AE8AE181E2542E3008619FD /* Products */ = {
			isa = PBXGroup;
			children = (
				2AE8AE171E2542E3008619FD /* test.app */,
			);
			name = Products;
			sourceTree = "<group>";
		};
		2AE8AE191E2542E3008619FD /* test */ = {
			isa = PBXGroup;
			children = (
				2AE8AE1D1E2542E3008619FD /* AppDelegate.h */,
				2AE8AE1E1E2542E3008619FD /* AppDelegate.m */,
				2AE8AE201E2542E3008619FD /* ViewController.h */,
				2AE8AE211E2542E3008619FD /* ViewController.m */,
				2AE8AE231E2542E3008619FD /* Main.storyboard */,
				2AE8AE291E2542E3008619FD /* Assets.xcassets */,
				2AE8AE2B1E2542E3008619FD /* LaunchScreen.storyboard */,
				2AE8AE2E1E2542E3008619FD /* Info.plist */,
				2AE8AE261E2542E3008619FD /* test.xcdatamodeld */,
				2AE8AE1A1E2542E3008619FD /* Supporting Files */,
			);
			path = test;
			sourceTree = "<group>";
		};
		2AE8AE1A1E2542E3008619FD /* Supporting Files */ = {
			isa = PBXGroup;
			children = (
				2AE8AE1B1E2542E3008619FD /* main.m */,
			);
			name = "Supporting Files";
			sourceTree = "<group>";
		};
/* End PBXGroup section */

/* Begin PBXNativeTarget section */
		2AE8AE161E2542E3008619FD /* test */ = {
			isa = PBXNativeTarget;
			buildConfigurationList = 2AE8AE311E2542E3008619FD /* Build configuration list for PBXNativeTarget "test" */;
			buildPhases = (
				2AE8AE131E2542E3008619FD /* Sources */,
				2AE8AE141E2542E3008619FD /* Frameworks */,
				2AE8AE151E2542E3008619FD /* Resources */,
			);
			buildRules = (
			);
			dependencies = (
			);
			name = test;
			productName = test;
			productReference = 2AE8AE171E2542E3008619FD /* test.app */;
			productType = "com.apple.product-type.application";
		};
/* End PBXNativeTarget section */

/* Begin PBXProject section */
		2AE8AE0F1E2542E3008619FD /* Project object */ = {
			isa = PBXProject;
			attributes = {
				LastUpgradeCheck = 0810;
				ORGANIZATIONNAME = "Castiel Chen";
				TargetAttributes = {
					2AE8AE161E2542E3008619FD = {
						CreatedOnToolsVersion = 8.1;
						ProvisioningStyle = Automatic;
					};
				};
			};
			buildConfigurationList = 2AE8AE121E2542E3008619FD /* Build configuration list for PBXProject "test" */;
			compatibilityVersion = "Xcode 3.2";
			developmentRegion = English;
			hasScannedForEncodings = 0;
			knownRegions = (
				en,
				Base,
			);
			mainGroup = 2AE8AE0E1E2542E3008619FD;
			productRefGroup = 2AE8AE181E2542E3008619FD /* Products */;
			projectDirPath = "";
			projectRoot = "";
			targets = (
				2AE8AE161E2542E3008619FD /* test */,
			);
		};
/* End PBXProject section */

/* Begin PBXResourcesBuildPhase section */
		2AE8AE151E2542E3008619FD /* Resources */ = {
			isa = PBXResourcesBuildPhase;
			buildActionMask = 2147483647;
			files = (
				2AE8AE2D1E2542E3008619FD /* LaunchScreen.storyboard in Resources */,
				2AE8AE2A1E2542E3008619FD /* Assets.xcassets in Resources */,
				2AE8AE251E2542E3008619FD /* Main.storyboard in Resources */,
			);
			runOnlyForDeploymentPostprocessing = 0;
		};
/* End PBXResourcesBuildPhase section */

/* Begin PBXSourcesBuildPhase section */
		2AE8AE131E2542E3008619FD /* Sources */ = {
			isa = PBXSourcesBuildPhase;
			buildActionMask = 2147483647;
			files = (
				2AE8AE221E2542E3008619FD /* ViewController.m in Sources */,
				2AE8AE281E2542E3008619FD /* test.xcdatamodeld in Sources */,
				2AE8AE1F1E2542E3008619FD /* AppDelegate.m in Sources */,
				2AE8AE1C1E2542E3008619FD /* main.m in Sources */,
			);
			runOnlyForDeploymentPostprocessing = 0;
		};
/* End PBXSourcesBuildPhase section */

/* Begin PBXVariantGroup section */
		2AE8AE231E2542E3008619FD /* Main.storyboard */ = {
			isa = PBXVariantGroup;
			children = (
				2AE8AE241E2542E3008619FD /* Base */,
			);
			name = Main.storyboard;
			sourceTree = "<group>";
		};
		2AE8AE2B1E2542E3008619FD /* LaunchScreen.storyboard */ = {
			isa = PBXVariantGroup;
			children = (
				2AE8AE2C1E2542E3008619FD /* Base */,
			);
			name = LaunchScreen.storyboard;
			sourceTree = "<group>";
		};
/* End PBXVariantGroup section */

/* Begin XCBuildConfiguration section */
		2AE8AE2F1E2542E3008619FD /* Debug */ = {
			isa = XCBuildConfiguration;
			buildSettings = {
				ALWAYS_SEARCH_USER_PATHS = NO;
				CLANG_ANALYZER_NONNULL = YES;
				CLANG_CXX_LANGUAGE_STANDARD = "gnu++0x";
				CLANG_CXX_LIBRARY = "libc++";
				CLANG_ENABLE_MODULES = YES;
				CLANG_ENABLE_OBJC_ARC = YES;
				CLANG_WARN_BOOL_CONVERSION = YES;
				CLANG_WARN_CONSTANT_CONVERSION = YES;
				CLANG_WARN_DIRECT_OBJC_ISA_USAGE = YES_ERROR;
				CLANG_WARN_DOCUMENTATION_COMMENTS = YES;
				CLANG_WARN_EMPTY_BODY = YES;
				CLANG_WARN_ENUM_CONVERSION = YES;
				CLANG_WARN_INFINITE_RECURSION = YES;
				CLANG_WARN_INT_CONVERSION = YES;
				CLANG_WARN_OBJC_ROOT_CLASS = YES_ERROR;
				CLANG_WARN_SUSPICIOUS_MOVES = YES;
				CLANG_WARN_UNREACHABLE_CODE = YES;
				CLANG_WARN__DUPLICATE_METHOD_MATCH = YES;
				"CODE_SIGN_IDENTITY[sdk=iphoneos*]" = "iPhone Developer";
				COPY_PHASE_STRIP = NO;
				DEBUG_INFORMATION_FORMAT = dwarf;
				ENABLE_STRICT_OBJC_MSGSEND = YES;
				ENABLE_TESTABILITY = YES;
				GCC_C_LANGUAGE_STANDARD = gnu99;
				GCC_DYNAMIC_NO_PIC = NO;
				GCC_NO_COMMON_BLOCKS = YES;
				GCC_OPTIMIZATION_LEVEL = 0;
				GCC_PREPROCESSOR_DEFINITIONS = (
					"DEBUG=1",
					"$(inherited)",
				);
				GCC_WARN_64_TO_32_BIT_CONVERSION = YES;
				GCC_WARN_ABOUT_RETURN_TYPE = YES_ERROR;
				GCC_WARN_UNDECLARED_SELECTOR = YES;
				GCC_WARN_UNINITIALIZED_AUTOS = YES_AGGRESSIVE;
				GCC_WARN_UNUSED_FUNCTION = YES;
				GCC_WARN_UNUSED_VARIABLE = YES;
				IPHONEOS_DEPLOYMENT_TARGET = 10.1;
				MTL_ENABLE_DEBUG_INFO = YES;
				ONLY_ACTIVE_ARCH = YES;
				SDKROOT = iphoneos;
				TARGETED_DEVICE_FAMILY = "1,2";
			};
			name = Debug;
		};
		2AE8AE301E2542E3008619FD /* Release */ = {
			isa = XCBuildConfiguration;
			buildSettings = {
				ALWAYS_SEARCH_USER_PATHS = NO;
				CLANG_ANALYZER_NONNULL = YES;
				CLANG_CXX_LANGUAGE_STANDARD = "gnu++0x";
				CLANG_CXX_LIBRARY = "libc++";
				CLANG_ENABLE_MODULES = YES;
				CLANG_ENABLE_OBJC_ARC = YES;
				CLANG_WARN_BOOL_CONVERSION = YES;
				CLANG_WARN_CONSTANT_CONVERSION = YES;
				CLANG_WARN_DIRECT_OBJC_ISA_USAGE = YES_ERROR;
				CLANG_WARN_DOCUMENTATION_COMMENTS = YES;
				CLANG_WARN_EMPTY_BODY = YES;
				CLANG_WARN_ENUM_CONVERSION = YES;
				CLANG_WARN_INFINITE_RECURSION = YES;
				CLANG_WARN_INT_CONVERSION = YES;
				CLANG_WARN_OBJC_ROOT_CLASS = YES_ERROR;
				CLANG_WARN_SUSPICIOUS_MOVES = YES;
				CLANG_WARN_UNREACHABLE_CODE = YES;
				CLANG_WARN__DUPLICATE_METHOD_MATCH = YES;
				"CODE_SIGN_IDENTITY[sdk=iphoneos*]" = "iPhone Developer";
				COPY_PHASE_STRIP = NO;
				DEBUG_INFORMATION_FORMAT = "dwarf-with-dsym";
				ENABLE_NS_ASSERTIONS = NO;
				ENABLE_STRICT_OBJC_MSGSEND = YES;
				GCC_C_LANGUAGE_STANDARD = gnu99;
				GCC_NO_COMMON_BLOCKS = YES;
				GCC_WARN_64_TO_32_BIT_CONVERSION = YES;
				GCC_WARN_ABOUT_RETURN_TYPE = YES_ERROR;
				GCC_WARN_UNDECLARED_SELECTOR = YES;
				GCC_WARN_UNINITIALIZED_AUTOS = YES_AGGRESSIVE;
				GCC_WARN_UNUSED_FUNCTION = YES;
				GCC_WARN_UNUSED_VARIABLE = YES;
				IPHONEOS_DEPLOYMENT_TARGET = 10.1;
				MTL_ENABLE_DEBUG_INFO = NO;
				SDKROOT = iphoneos;
				TARGETED_DEVICE_FAMILY = "1,2";
				VALIDATE_PRODUCT = YES;
			};
			name = Release;
		};
		2AE8AE321E2542E3008619FD /* Debug */ = {
			isa = XCBuildConfiguration;
			buildSettings = {
				ASSETCATALOG_COMPILER_APPICON_NAME = AppIcon;
				INFOPLIST_FILE = test/Info.plist;
				LD_RUNPATH_SEARCH_PATHS = "$(inherited) @executable_path/Frameworks";
				PRODUCT_BUNDLE_IDENTIFIER = coom.czt.data.test;
				PRODUCT_NAME = "$(TARGET_NAME)";
			};
			name = Debug;
		};
		2AE8AE331E2542E3008619FD /* Release */ = {
			isa = XCBuildConfiguration;
			buildSettings = {
				ASSETCATALOG_COMPILER_APPICON_NAME = AppIcon;
				INFOPLIST_FILE = test/Info.plist;
				LD_RUNPATH_SEARCH_PATHS = "$(inherited) @executable_path/Frameworks";
				PRODUCT_BUNDLE_IDENTIFIER = coom.czt.data.test;
				PRODUCT_NAME = "$(TARGET_NAME)";
			};
			name = Release;
		};
/* End XCBuildConfiguration section */

/* Begin XCConfigurationList section */
		2AE8AE121E2542E3008619FD /* Build configuration list for PBXProject "test" */ = {
			isa = XCConfigurationList;
			buildConfigurations = (
				2AE8AE2F1E2542E3008619FD /* Debug */,
				2AE8AE301E2542E3008619FD /* Release */,
			);
			defaultConfigurationIsVisible = 0;
			defaultConfigurationName = Release;
		};
		2AE8AE311E2542E3008619FD /* Build configuration list for PBXNativeTarget "test" */ = {
			isa = XCConfigurationList;
			buildConfigurations = (
				2AE8AE321E2542E3008619FD /* Debug */,
				2AE8AE331E2542E3008619FD /* Release */,
			);
			defaultConfigurationIsVisible = 0;
		};
/* End XCConfigurationList section */

/* Begin XCVersionGroup section */
		2AE8AE261E2542E3008619FD /* test.xcdatamodeld */ = {
			isa = XCVersionGroup;
			children = (
				2AE8AE271E2542E3008619FD /* test.xcdatamodel */,
			);
			currentVersion = 2AE8AE271E2542E3008619FD /* test.xcdatamodel */;
			path = test.xcdatamodeld;
			sourceTree = "<group>";
			versionGroupType = wrapper.xcdatamodel;
		};
/* End XCVersionGroup section */
	};
	rootObject = 2AE8AE0F1E2542E3008619FD /* Project object */;
}
